{
    "_readme": [
        "This file locks the dependencies of your project to a known state",
        "Read more about it at https://getcomposer.org/doc/01-basic-usage.md#composer-lock-the-lock-file",
        "This file is @generated automatically"
    ],
    "hash": "57cfaaaaf220818eb5e65cceed41ce31",
    "content-hash": "6b16408c01a3163b3cca2ab8eb65bf51",
    "packages": [
        {
            "name": "pubnub/pubnub",
            "version": "v3.7.9",
            "source": {
                "type": "git",
                "url": "https://github.com/pubnub/php.git",
                "reference": "fee508e7271cd5c944a73c505fb8d9d540d69f35"
            },
            "dist": {
                "type": "zip",
                "url": "https://api.github.com/repos/pubnub/php/zipball/fee508e7271cd5c944a73c505fb8d9d540d69f35",
                "reference": "fee508e7271cd5c944a73c505fb8d9d540d69f35",
                "shasum": ""
            },
            "require": {
                "php": ">=5.3.0"
            },
            "require-dev": {
                "phpdocumentor/phpdocumentor": "dev-master",
                "phpunit/phpunit": "3.7.*"
            },
            "type": "library",
            "autoload": {
                "psr-0": {
                    "Pubnub\\": "composer/lib/"
                }
            },
            "notification-url": "https://packagist.org/downloads/",
            "license": [
                "MIT"
            ],
            "authors": [
                {
                    "name": "Dmitry Medvedev",
                    "email": "gektor1@gmail.com"
                },
                {
                    "name": "Victor Kislichenko",
                    "email": "dofer@bigmir.net"
                },
                {
                    "name": "PubNub Support",
                    "email": "support@pubnub.com"
                }
            ],
            "description": "The Only Global Network For Real-Time Data -- PubNub!",
            "homepage": "http://www.pubnub.com/",
            "keywords": [
                "ajax",
                "api",
                "push",
                "real time",
                "real-time",
                "realtime"
            ],
            "time": "2015-07-24 11:09:26"
        }
    ],
    "packages-dev": [],
    "aliases": [],
    "minimum-stability": "stable",
    "stability-flags": [],
    "prefer-stable": false,
    "prefer-lowest": false,
    "platform": [],
    "platform-dev": []
}
